// !$*UTF8*$!
{
	archiveVersion = 1;
	classes = {
	};
	objectVersion = 46;
	objects = {

/* Begin PBXBuildFile section */
		B0FB3CD51B4F0B5B00610D13 /* AppDelegate.swift in Sources */ = {isa = PBXBuildFile; fileRef = B0FB3CD41B4F0B5B00610D13 /* AppDelegate.swift */; };
		B0FB3CD71B4F0B5B00610D13 /* ViewController.swift in Sources */ = {isa = PBXBuildFile; fileRef = B0FB3CD61B4F0B5B00610D13 /* ViewController.swift */; };
		B0FB3CD91B4F0B5B00610D13 /* Assets.xcassets in Resources */ = {isa = PBXBuildFile; fileRef = B0FB3CD81B4F0B5B00610D13 /* Assets.xcassets */; };
		B0FB3CDC1B4F0B5B00610D13 /* Main.storyboard in Resources */ = {isa = PBXBuildFile; fileRef = B0FB3CDA1B4F0B5B00610D13 /* Main.storyboard */; };
		B0FB3CE71B4F0B5B00610D13 /* TableColumnChooserTests.swift in Sources */ = {isa = PBXBuildFile; fileRef = B0FB3CE61B4F0B5B00610D13 /* TableColumnChooserTests.swift */; };
		B0FB3CF21B4F0B5B00610D13 /* TableColumnChooserUITests.swift in Sources */ = {isa = PBXBuildFile; fileRef = B0FB3CF11B4F0B5B00610D13 /* TableColumnChooserUITests.swift */; };
		B0FB3D021B4F14AC00610D13 /* README.md in Sources */ = {isa = PBXBuildFile; fileRef = B0FB3D011B4F14AC00610D13 /* README.md */; };
/* End PBXBuildFile section */

/* Begin PBXContainerItemProxy section */
		B0FB3CE31B4F0B5B00610D13 /* PBXContainerItemProxy */ = {
			isa = PBXContainerItemProxy;
			containerPortal = B0FB3CC91B4F0B5B00610D13 /* Project object */;
			proxyType = 1;
			remoteGlobalIDString = B0FB3CD01B4F0B5B00610D13;
			remoteInfo = TableColumnChooser;
		};
		B0FB3CEE1B4F0B5B00610D13 /* PBXContainerItemProxy */ = {
			isa = PBXContainerItemProxy;
			containerPortal = B0FB3CC91B4F0B5B00610D13 /* Project object */;
			proxyType = 1;
			remoteGlobalIDString = B0FB3CD01B4F0B5B00610D13;
			remoteInfo = TableColumnChooser;
		};
/* End PBXContainerItemProxy section */

/* Begin PBXFileReference section */
		B0FB3CD11B4F0B5B00610D13 /* TableColumnChooser.app */ = {isa = PBXFileReference; explicitFileType = wrapper.application; includeInIndex = 0; path = TableColumnChooser.app; sourceTree = BUILT_PRODUCTS_DIR; };
		B0FB3CD41B4F0B5B00610D13 /* AppDelegate.swift */ = {isa = PBXFileReference; lastKnownFileType = sourcecode.swift; path = AppDelegate.swift; sourceTree = "<group>"; };
		B0FB3CD61B4F0B5B00610D13 /* ViewController.swift */ = {isa = PBXFileReference; lastKnownFileType = sourcecode.swift; path = ViewController.swift; sourceTree = "<group>"; };
		B0FB3CD81B4F0B5B00610D13 /* Assets.xcassets */ = {isa = PBXFileReference; lastKnownFileType = folder.assetcatalog; path = Assets.xcassets; sourceTree = "<group>"; };
		B0FB3CDB1B4F0B5B00610D13 /* Base */ = {isa = PBXFileReference; lastKnownFileType = file.storyboard; name = Base; path = Base.lproj/Main.storyboard; sourceTree = "<group>"; };
		B0FB3CDD1B4F0B5B00610D13 /* Info.plist */ = {isa = PBXFileReference; lastKnownFileType = text.plist.xml; path = Info.plist; sourceTree = "<group>"; };
		B0FB3CE21B4F0B5B00610D13 /* TableColumnChooserTests.xctest */ = {isa = PBXFileReference; explicitFileType = wrapper.cfbundle; includeInIndex = 0; path = TableColumnChooserTests.xctest; sourceTree = BUILT_PRODUCTS_DIR; };
		B0FB3CE61B4F0B5B00610D13 /* TableColumnChooserTests.swift */ = {isa = PBXFileReference; lastKnownFileType = sourcecode.swift; path = TableColumnChooserTests.swift; sourceTree = "<group>"; };
		B0FB3CE81B4F0B5B00610D13 /* Info.plist */ = {isa = PBXFileReference; lastKnownFileType = text.plist.xml; path = Info.plist; sourceTree = "<group>"; };
		B0FB3CED1B4F0B5B00610D13 /* TableColumnChooserUITests.xctest */ = {isa = PBXFileReference; explicitFileType = wrapper.cfbundle; includeInIndex = 0; path = TableColumnChooserUITests.xctest; sourceTree = BUILT_PRODUCTS_DIR; };
		B0FB3CF11B4F0B5B00610D13 /* TableColumnChooserUITests.swift */ = {isa = PBXFileReference; lastKnownFileType = sourcecode.swift; path = TableColumnChooserUITests.swift; sourceTree = "<group>"; };
		B0FB3CF31B4F0B5B00610D13 /* Info.plist */ = {isa = PBXFileReference; lastKnownFileType = text.plist.xml; path = Info.plist; sourceTree = "<group>"; };
		B0FB3D011B4F14AC00610D13 /* README.md */ = {isa = PBXFileReference; fileEncoding = 4; lastKnownFileType = net.daringfireball.markdown; path = README.md; sourceTree = "<group>"; };
/* End PBXFileReference section */

/* Begin PBXFrameworksBuildPhase section */
		B0FB3CCE1B4F0B5B00610D13 /* Frameworks */ = {
			isa = PBXFrameworksBuildPhase;
			buildActionMask = 2147483647;
			files = (
			);
			runOnlyForDeploymentPostprocessing = 0;
		};
		B0FB3CDF1B4F0B5B00610D13 /* Frameworks */ = {
			isa = PBXFrameworksBuildPhase;
			buildActionMask = 2147483647;
			files = (
			);
			runOnlyForDeploymentPostprocessing = 0;
		};
		B0FB3CEA1B4F0B5B00610D13 /* Frameworks */ = {
			isa = PBXFrameworksBuildPhase;
			buildActionMask = 2147483647;
			files = (
			);
			runOnlyForDeploymentPostprocessing = 0;
		};
/* End PBXFrameworksBuildPhase section */

/* Begin PBXGroup section */
		B0FB3CC81B4F0B5B00610D13 = {
			isa = PBXGroup;
			children = (
				B0FB3D011B4F14AC00610D13 /* README.md */,
				B0FB3CD31B4F0B5B00610D13 /* TableColumnChooser */,
				B0FB3CE51B4F0B5B00610D13 /* TableColumnChooserTests */,
				B0FB3CF01B4F0B5B00610D13 /* TableColumnChooserUITests */,
				B0FB3CD21B4F0B5B00610D13 /* Products */,
			);
			sourceTree = "<group>";
		};
		B0FB3CD21B4F0B5B00610D13 /* Products */ = {
			isa = PBXGroup;
			children = (
				B0FB3CD11B4F0B5B00610D13 /* TableColumnChooser.app */,
				B0FB3CE21B4F0B5B00610D13 /* TableColumnChooserTests.xctest */,
				B0FB3CED1B4F0B5B00610D13 /* TableColumnChooserUITests.xctest */,
			);
			name = Products;
			sourceTree = "<group>";
		};
		B0FB3CD31B4F0B5B00610D13 /* TableColumnChooser */ = {
			isa = PBXGroup;
			children = (
				B0FB3CD41B4F0B5B00610D13 /* AppDelegate.swift */,
				B0FB3CD61B4F0B5B00610D13 /* ViewController.swift */,
				B0FB3CD81B4F0B5B00610D13 /* Assets.xcassets */,
				B0FB3CDA1B4F0B5B00610D13 /* Main.storyboard */,
				B0FB3CDD1B4F0B5B00610D13 /* Info.plist */,
			);
			path = TableColumnChooser;
			sourceTree = "<group>";
		};
		B0FB3CE51B4F0B5B00610D13 /* TableColumnChooserTests */ = {
			isa = PBXGroup;
			children = (
				B0FB3CE61B4F0B5B00610D13 /* TableColumnChooserTests.swift */,
				B0FB3CE81B4F0B5B00610D13 /* Info.plist */,
			);
			path = TableColumnChooserTests;
			sourceTree = "<group>";
		};
		B0FB3CF01B4F0B5B00610D13 /* TableColumnChooserUITests */ = {
			isa = PBXGroup;
			children = (
				B0FB3CF11B4F0B5B00610D13 /* TableColumnChooserUITests.swift */,
				B0FB3CF31B4F0B5B00610D13 /* Info.plist */,
			);
			path = TableColumnChooserUITests;
			sourceTree = "<group>";
		};
/* End PBXGroup section */

/* Begin PBXNativeTarget section */
		B0FB3CD01B4F0B5B00610D13 /* TableColumnChooser */ = {
			isa = PBXNativeTarget;
			buildConfigurationList = B0FB3CF61B4F0B5B00610D13 /* Build configuration list for PBXNativeTarget "TableColumnChooser" */;
			buildPhases = (
				B0FB3CCD1B4F0B5B00610D13 /* Sources */,
				B0FB3CCE1B4F0B5B00610D13 /* Frameworks */,
				B0FB3CCF1B4F0B5B00610D13 /* Resources */,
			);
			buildRules = (
			);
			dependencies = (
			);
			name = TableColumnChooser;
			productName = TableColumnChooser;
			productReference = B0FB3CD11B4F0B5B00610D13 /* TableColumnChooser.app */;
			productType = "com.apple.product-type.application";
		};
		B0FB3CE11B4F0B5B00610D13 /* TableColumnChooserTests */ = {
			isa = PBXNativeTarget;
			buildConfigurationList = B0FB3CF91B4F0B5B00610D13 /* Build configuration list for PBXNativeTarget "TableColumnChooserTests" */;
			buildPhases = (
				B0FB3CDE1B4F0B5B00610D13 /* Sources */,
				B0FB3CDF1B4F0B5B00610D13 /* Frameworks */,
				B0FB3CE01B4F0B5B00610D13 /* Resources */,
			);
			buildRules = (
			);
			dependencies = (
				B0FB3CE41B4F0B5B00610D13 /* PBXTargetDependency */,
			);
			name = TableColumnChooserTests;
			productName = TableColumnChooserTests;
			productReference = B0FB3CE21B4F0B5B00610D13 /* TableColumnChooserTests.xctest */;
			productType = "com.apple.product-type.bundle.unit-test";
		};
		B0FB3CEC1B4F0B5B00610D13 /* TableColumnChooserUITests */ = {
			isa = PBXNativeTarget;
			buildConfigurationList = B0FB3CFC1B4F0B5B00610D13 /* Build configuration list for PBXNativeTarget "TableColumnChooserUITests" */;
			buildPhases = (
				B0FB3CE91B4F0B5B00610D13 /* Sources */,
				B0FB3CEA1B4F0B5B00610D13 /* Frameworks */,
				B0FB3CEB1B4F0B5B00610D13 /* Resources */,
			);
			buildRules = (
			);
			dependencies = (
				B0FB3CEF1B4F0B5B00610D13 /* PBXTargetDependency */,
			);
			name = TableColumnChooserUITests;
			productName = TableColumnChooserUITests;
			productReference = B0FB3CED1B4F0B5B00610D13 /* TableColumnChooserUITests.xctest */;
			productType = "com.apple.product-type.bundle.ui-testing";
		};
/* End PBXNativeTarget section */

/* Begin PBXProject section */
		B0FB3CC91B4F0B5B00610D13 /* Project object */ = {
			isa = PBXProject;
			attributes = {
				LastUpgradeCheck = 0700;
				ORGANIZATIONNAME = "Gene De Lisa";
				TargetAttributes = {
					B0FB3CD01B4F0B5B00610D13 = {
						CreatedOnToolsVersion = 7.0;
					};
					B0FB3CE11B4F0B5B00610D13 = {
						CreatedOnToolsVersion = 7.0;
						TestTargetID = B0FB3CD01B4F0B5B00610D13;
					};
					B0FB3CEC1B4F0B5B00610D13 = {
						CreatedOnToolsVersion = 7.0;
						TestTargetID = B0FB3CD01B4F0B5B00610D13;
					};
				};
			};
			buildConfigurationList = B0FB3CCC1B4F0B5B00610D13 /* Build configuration list for PBXProject "TableColumnChooser" */;
			compatibilityVersion = "Xcode 3.2";
			developmentRegion = English;
			hasScannedForEncodings = 0;
			knownRegions = (
				en,
				Base,
			);
			mainGroup = B0FB3CC81B4F0B5B00610D13;
			productRefGroup = B0FB3CD21B4F0B5B00610D13 /* Products */;
			projectDirPath = "";
			projectRoot = "";
			targets = (
				B0FB3CD01B4F0B5B00610D13 /* TableColumnChooser */,
				B0FB3CE11B4F0B5B00610D13 /* TableColumnChooserTests */,
				B0FB3CEC1B4F0B5B00610D13 /* TableColumnChooserUITests */,
			);
		};
/* End PBXProject section */

/* Begin PBXResourcesBuildPhase section */
		B0FB3CCF1B4F0B5B00610D13 /* Resources */ = {
			isa = PBXResourcesBuildPhase;
			buildActionMask = 2147483647;
			files = (
				B0FB3CD91B4F0B5B00610D13 /* Assets.xcassets in Resources */,
				B0FB3CDC1B4F0B5B00610D13 /* Main.storyboard in Resources */,
			);
			runOnlyForDeploymentPostprocessing = 0;
		};
		B0FB3CE01B4F0B5B00610D13 /* Resources */ = {
			isa = PBXResourcesBuildPhase;
			buildActionMask = 2147483647;
			files = (
			);
			runOnlyForDeploymentPostprocessing = 0;
		};
		B0FB3CEB1B4F0B5B00610D13 /* Resources */ = {
			isa = PBXResourcesBuildPhase;
			buildActionMask = 2147483647;
			files = (
			);
			runOnlyForDeploymentPostprocessing = 0;
		};
/* End PBXResourcesBuildPhase section */

/* Begin PBXSourcesBuildPhase section */
		B0FB3CCD1B4F0B5B00610D13 /* Sources */ = {
			isa = PBXSourcesBuildPhase;
			buildActionMask = 2147483647;
			files = (
				B0FB3D021B4F14AC00610D13 /* README.md in Sources */,
				B0FB3CD71B4F0B5B00610D13 /* ViewController.swift in Sources */,
				B0FB3CD51B4F0B5B00610D13 /* AppDelegate.swift in Sources */,
			);
			runOnlyForDeploymentPostprocessing = 0;
		};
		B0FB3CDE1B4F0B5B00610D13 /* Sources */ = {
			isa = PBXSourcesBuildPhase;
			buildActionMask = 2147483647;
			files = (
				B0FB3CE71B4F0B5B00610D13 /* TableColumnChooserTests.swift in Sources */,
			);
			runOnlyForDeploymentPostprocessing = 0;
		};
		B0FB3CE91B4F0B5B00610D13 /* Sources */ = {
			isa = PBXSourcesBuildPhase;
			buildActionMask = 2147483647;
			files = (
				B0FB3CF21B4F0B5B00610D13 /* TableColumnChooserUITests.swift in Sources */,
			);
			runOnlyForDeploymentPostprocessing = 0;
		};
/* End PBXSourcesBuildPhase section */

/* Begin PBXTargetDependency section */
		B0FB3CE41B4F0B5B00610D13 /* PBXTargetDependency */ = {
			isa = PBXTargetDependency;
			target = B0FB3CD01B4F0B5B00610D13 /* TableColumnChooser */;
			targetProxy = B0FB3CE31B4F0B5B00610D13 /* PBXContainerItemProxy */;
		};
		B0FB3CEF1B4F0B5B00610D13 /* PBXTargetDependency */ = {
			isa = PBXTargetDependency;
			target = B0FB3CD01B4F0B5B00610D13 /* TableColumnChooser */;
			targetProxy = B0FB3CEE1B4F0B5B00610D13 /* PBXContainerItemProxy */;
		};
/* End PBXTargetDependency section */

/* Begin PBXVariantGroup section */
		B0FB3CDA1B4F0B5B00610D13 /* Main.storyboard */ = {
			isa = PBXVariantGroup;
			children = (
				B0FB3CDB1B4F0B5B00610D13 /* Base */,
			);
			name = Main.storyboard;
			sourceTree = "<group>";
		};
/* End PBXVariantGroup section */

/* Begin XCBuildConfiguration section */
		B0FB3CF41B4F0B5B00610D13 /* Debug */ = {
			isa = XCBuildConfiguration;
			buildSettings = {
				ALWAYS_SEARCH_USER_PATHS = NO;
				CLANG_CXX_LANGUAGE_STANDARD = "gnu++0x";
				CLANG_CXX_LIBRARY = "libc++";
				CLANG_ENABLE_MODULES = YES;
				CLANG_ENABLE_OBJC_ARC = YES;
				CLANG_WARN_BOOL_CONVERSION = YES;
				CLANG_WARN_CONSTANT_CONVERSION = YES;
				CLANG_WARN_DIRECT_OBJC_ISA_USAGE = YES_ERROR;
				CLANG_WARN_EMPTY_BODY = YES;
				CLANG_WARN_ENUM_CONVERSION = YES;
				CLANG_WARN_INT_CONVERSION = YES;
				CLANG_WARN_OBJC_ROOT_CLASS = YES_ERROR;
				CLANG_WARN_UNREACHABLE_CODE = YES;
				CLANG_WARN__DUPLICATE_METHOD_MATCH = YES;
				CODE_SIGN_IDENTITY = "-";
				COPY_PHASE_STRIP = NO;
				DEBUG_INFORMATION_FORMAT = dwarf;
				ENABLE_STRICT_OBJC_MSGSEND = YES;
				ENABLE_TESTABILITY = YES;
				GCC_C_LANGUAGE_STANDARD = gnu99;
				GCC_DYNAMIC_NO_PIC = NO;
				GCC_NO_COMMON_BLOCKS = YES;
				GCC_OPTIMIZATION_LEVEL = 0;
				GCC_PREPROCESSOR_DEFINITIONS = (
					"DEBUG=1",
					"$(inherited)",
				);
				GCC_WARN_64_TO_32_BIT_CONVERSION = YES;
				GCC_WARN_ABOUT_RETURN_TYPE = YES_ERROR;
				GCC_WARN_UNDECLARED_SELECTOR = YES;
				GCC_WARN_UNINITIALIZED_AUTOS = YES_AGGRESSIVE;
				GCC_WARN_UNUSED_FUNCTION = YES;
				GCC_WARN_UNUSED_VARIABLE = YES;
				MACOSX_DEPLOYMENT_TARGET = 10.10;
				MTL_ENABLE_DEBUG_INFO = YES;
				ONLY_ACTIVE_ARCH = YES;
				SDKROOT = macosx;
				SWIFT_OPTIMIZATION_LEVEL = "-Onone";
			};
			name = Debug;
		};
		B0FB3CF51B4F0B5B00610D13 /* Release */ = {
			isa = XCBuildConfiguration;
			buildSettings = {
				ALWAYS_SEARCH_USER_PATHS = NO;
				CLANG_CXX_LANGUAGE_STANDARD = "gnu++0x";
				CLANG_CXX_LIBRARY = "libc++";
				CLANG_ENABLE_MODULES = YES;
				CLANG_ENABLE_OBJC_ARC = YES;
				CLANG_WARN_BOOL_CONVERSION = YES;
				CLANG_WARN_CONSTANT_CONVERSION = YES;
				CLANG_WARN_DIRECT_OBJC_ISA_USAGE = YES_ERROR;
				CLANG_WARN_EMPTY_BODY = YES;
				CLANG_WARN_ENUM_CONVERSION = YES;
				CLANG_WARN_INT_CONVERSION = YES;
				CLANG_WARN_OBJC_ROOT_CLASS = YES_ERROR;
				CLANG_WARN_UNREACHABLE_CODE = YES;
				CLANG_WARN__DUPLICATE_METHOD_MATCH = YES;
				CODE_SIGN_IDENTITY = "-";
				COPY_PHASE_STRIP = NO;
				DEBUG_INFORMATION_FORMAT = "dwarf-with-dsym";
				ENABLE_NS_ASSERTIONS = NO;
				ENABLE_STRICT_OBJC_MSGSEND = YES;
				GCC_C_LANGUAGE_STANDARD = gnu99;
				GCC_NO_COMMON_BLOCKS = YES;
				GCC_WARN_64_TO_32_BIT_CONVERSION = YES;
				GCC_WARN_ABOUT_RETURN_TYPE = YES_ERROR;
				GCC_WARN_UNDECLARED_SELECTOR = YES;
				GCC_WARN_UNINITIALIZED_AUTOS = YES_AGGRESSIVE;
				GCC_WARN_UNUSED_FUNCTION = YES;
				GCC_WARN_UNUSED_VARIABLE = YES;
				MACOSX_DEPLOYMENT_TARGET = 10.10;
				MTL_ENABLE_DEBUG_INFO = NO;
				SDKROOT = macosx;
			};
			name = Release;
		};
		B0FB3CF71B4F0B5B00610D13 /* Debug */ = {
			isa = XCBuildConfiguration;
			buildSettings = {
				ASSETCATALOG_COMPILER_APPICON_NAME = AppIcon;
				COMBINE_HIDPI_IMAGES = YES;
				INFOPLIST_FILE = TableColumnChooser/Info.plist;
				LD_RUNPATH_SEARCH_PATHS = "$(inherited) @executable_path/../Frameworks";
				PRODUCT_BUNDLE_IDENTIFIER = com.rockhoppertech.TableColumnChooser;
				PRODUCT_NAME = "$(TARGET_NAME)";
			};
			name = Debug;
		};
		B0FB3CF81B4F0B5B00610D13 /* Release */ = {
			isa = XCBuildConfiguration;
			buildSettings = {
				ASSETCATALOG_COMPILER_APPICON_NAME = AppIcon;
				COMBINE_HIDPI_IMAGES = YES;
				INFOPLIST_FILE = TableColumnChooser/Info.plist;
				LD_RUNPATH_SEARCH_PATHS = "$(inherited) @executable_path/../Frameworks";
				PRODUCT_BUNDLE_IDENTIFIER = com.rockhoppertech.TableColumnChooser;
				PRODUCT_NAME = "$(TARGET_NAME)";
			};
			name = Release;
		};
		B0FB3CFA1B4F0B5B00610D13 /* Debug */ = {
			isa = XCBuildConfiguration;
			buildSettings = {
				BUNDLE_LOADER = "$(TEST_HOST)";
				COMBINE_HIDPI_IMAGES = YES;
				INFOPLIST_FILE = TableColumnChooserTests/Info.plist;
				LD_RUNPATH_SEARCH_PATHS = "$(inherited) @executable_path/../Frameworks @loader_path/../Frameworks";
				PRODUCT_BUNDLE_IDENTIFIER = com.rockhoppertech.TableColumnChooserTests;
				PRODUCT_NAME = "$(TARGET_NAME)";
				TEST_HOST = "$(BUILT_PRODUCTS_DIR)/TableColumnChooser.app/Contents/MacOS/TableColumnChooser";
			};
			name = Debug;
		};
		B0FB3CFB1B4F0B5B00610D13 /* Release */ = {
			isa = XCBuildConfiguration;
			buildSettings = {
				BUNDLE_LOADER = "$(TEST_HOST)";
				COMBINE_HIDPI_IMAGES = YES;
				INFOPLIST_FILE = TableColumnChooserTests/Info.plist;
				LD_RUNPATH_SEARCH_PATHS = "$(inherited) @executable_path/../Frameworks @loader_path/../Frameworks";
				PRODUCT_BUNDLE_IDENTIFIER = com.rockhoppertech.TableColumnChooserTests;
				PRODUCT_NAME = "$(TARGET_NAME)";
				TEST_HOST = "$(BUILT_PRODUCTS_DIR)/TableColumnChooser.app/Contents/MacOS/TableColumnChooser";
			};
			name = Release;
		};
		B0FB3CFD1B4F0B5B00610D13 /* Debug */ = {
			isa = XCBuildConfiguration;
			buildSettings = {
				COMBINE_HIDPI_IMAGES = YES;
				INFOPLIST_FILE = TableColumnChooserUITests/Info.plist;
				LD_RUNPATH_SEARCH_PATHS = "$(inherited) @executable_path/../Frameworks @loader_path/../Frameworks";
				PRODUCT_BUNDLE_IDENTIFIER = com.rockhoppertech.TableColumnChooserUITests;
				PRODUCT_NAME = "$(TARGET_NAME)";
				TEST_TARGET_NAME = TableColumnChooser;
				USES_XCTRUNNER = YES;
			};
			name = Debug;
		};
		B0FB3CFE1B4F0B5B00610D13 /* Release */ = {
			isa = XCBuildConfiguration;
			buildSettings = {
				COMBINE_HIDPI_IMAGES = YES;
				INFOPLIST_FILE = TableColumnChooserUITests/Info.plist;
				LD_RUNPATH_SEARCH_PATHS = "$(inherited) @executable_path/../Frameworks @loader_path/../Frameworks";
				PRODUCT_BUNDLE_IDENTIFIER = com.rockhoppertech.TableColumnChooserUITests;
				PRODUCT_NAME = "$(TARGET_NAME)";
				TEST_TARGET_NAME = TableColumnChooser;
				USES_XCTRUNNER = YES;
			};
			name = Release;
		};
/* End XCBuildConfiguration section */

/* Begin XCConfigurationList section */
		B0FB3CCC1B4F0B5B00610D13 /* Build configuration list for PBXProject "TableColumnChooser" */ = {
			isa = XCConfigurationList;
			buildConfigurations = (
				B0FB3CF41B4F0B5B00610D13 /* Debug */,
				B0FB3CF51B4F0B5B00610D13 /* Release */,
			);
			defaultConfigurationIsVisible = 0;
			defaultConfigurationName = Release;
		};
		B0FB3CF61B4F0B5B00610D13 /* Build configuration list for PBXNativeTarget "TableColumnChooser" */ = {
			isa = XCConfigurationList;
			buildConfigurations = (
				B0FB3CF71B4F0B5B00610D13 /* Debug */,
				B0FB3CF81B4F0B5B00610D13 /* Release */,
			);
			defaultConfigurationIsVisible = 0;
		};
		B0FB3CF91B4F0B5B00610D13 /* Build configuration list for PBXNativeTarget "TableColumnChooserTests" */ = {
			isa = XCConfigurationList;
			buildConfigurations = (
				B0FB3CFA1B4F0B5B00610D13 /* Debug */,
				B0FB3CFB1B4F0B5B00610D13 /* Release */,
			);
			defaultConfigurationIsVisible = 0;
		};
		B0FB3CFC1B4F0B5B00610D13 /* Build configuration list for PBXNativeTarget "TableColumnChooserUITests" */ = {
			isa = XCConfigurationList;
			buildConfigurations = (
				B0FB3CFD1B4F0B5B00610D13 /* Debug */,
				B0FB3CFE1B4F0B5B00610D13 /* Release */,
			);
			defaultConfigurationIsVisible = 0;
		};
/* End XCConfigurationList section */
	};
	rootObject = B0FB3CC91B4F0B5B00610D13 /* Project object */;
}
